// !$*UTF8*$!
{
	archiveVersion = 1;
	classes = {
	};
	objectVersion = 46;
	objects = {

/* Begin PBXBuildFile section */
		F500673B1A6923B600FBF2FB /* game.m in Sources */ = {isa = PBXBuildFile; fileRef = F500673A1A6923B600FBF2FB /* game.m */; };
		F57180D01A66DDEF003A2A66 /* main.m in Sources */ = {isa = PBXBuildFile; fileRef = F57180CF1A66DDEF003A2A66 /* main.m */; };
		F57180D31A66DDEF003A2A66 /* AppDelegate.m in Sources */ = {isa = PBXBuildFile; fileRef = F57180D21A66DDEF003A2A66 /* AppDelegate.m */; };
		F57180D61A66DDEF003A2A66 /* Zoep.xcdatamodeld in Sources */ = {isa = PBXBuildFile; fileRef = F57180D41A66DDEF003A2A66 /* Zoep.xcdatamodeld */; };
		F57180D91A66DDEF003A2A66 /* ViewController.m in Sources */ = {isa = PBXBuildFile; fileRef = F57180D81A66DDEF003A2A66 /* ViewController.m */; };
		F57180DC1A66DDEF003A2A66 /* Main.storyboard in Resources */ = {isa = PBXBuildFile; fileRef = F57180DA1A66DDEF003A2A66 /* Main.storyboard */; };
		F57180DE1A66DDEF003A2A66 /* Images.xcassets in Resources */ = {isa = PBXBuildFile; fileRef = F57180DD1A66DDEF003A2A66 /* Images.xcassets */; };
		F57180E11A66DDEF003A2A66 /* LaunchScreen.xib in Resources */ = {isa = PBXBuildFile; fileRef = F57180DF1A66DDEF003A2A66 /* LaunchScreen.xib */; };
		F57180ED1A66DDF0003A2A66 /* ZoepTests.m in Sources */ = {isa = PBXBuildFile; fileRef = F57180EC1A66DDF0003A2A66 /* ZoepTests.m */; };
/* End PBXBuildFile section */

/* Begin PBXContainerItemProxy section */
		F57180E71A66DDF0003A2A66 /* PBXContainerItemProxy */ = {
			isa = PBXContainerItemProxy;
			containerPortal = F57180C21A66DDEF003A2A66 /* Project object */;
			proxyType = 1;
			remoteGlobalIDString = F57180C91A66DDEF003A2A66;
			remoteInfo = Zoep;
		};
/* End PBXContainerItemProxy section */

/* Begin PBXFileReference section */
		F50067391A6923B600FBF2FB /* game.h */ = {isa = PBXFileReference; fileEncoding = 4; lastKnownFileType = sourcecode.c.h; path = game.h; sourceTree = "<group>"; };
		F500673A1A6923B600FBF2FB /* game.m */ = {isa = PBXFileReference; fileEncoding = 4; lastKnownFileType = sourcecode.c.objc; path = game.m; sourceTree = "<group>"; };
		F57180CA1A66DDEF003A2A66 /* Zoep.app */ = {isa = PBXFileReference; explicitFileType = wrapper.application; includeInIndex = 0; path = Zoep.app; sourceTree = BUILT_PRODUCTS_DIR; };
		F57180CE1A66DDEF003A2A66 /* Info.plist */ = {isa = PBXFileReference; lastKnownFileType = text.plist.xml; path = Info.plist; sourceTree = "<group>"; };
		F57180CF1A66DDEF003A2A66 /* main.m */ = {isa = PBXFileReference; lastKnownFileType = sourcecode.c.objc; path = main.m; sourceTree = "<group>"; };
		F57180D11A66DDEF003A2A66 /* AppDelegate.h */ = {isa = PBXFileReference; lastKnownFileType = sourcecode.c.h; path = AppDelegate.h; sourceTree = "<group>"; };
		F57180D21A66DDEF003A2A66 /* AppDelegate.m */ = {isa = PBXFileReference; lastKnownFileType = sourcecode.c.objc; path = AppDelegate.m; sourceTree = "<group>"; };
		F57180D51A66DDEF003A2A66 /* Zoep.xcdatamodel */ = {isa = PBXFileReference; lastKnownFileType = wrapper.xcdatamodel; path = Zoep.xcdatamodel; sourceTree = "<group>"; };
		F57180D71A66DDEF003A2A66 /* ViewController.h */ = {isa = PBXFileReference; lastKnownFileType = sourcecode.c.h; path = ViewController.h; sourceTree = "<group>"; };
		F57180D81A66DDEF003A2A66 /* ViewController.m */ = {isa = PBXFileReference; lastKnownFileType = sourcecode.c.objc; path = ViewController.m; sourceTree = "<group>"; };
		F57180DB1A66DDEF003A2A66 /* Base */ = {isa = PBXFileReference; lastKnownFileType = file.storyboard; name = Base; path = Base.lproj/Main.storyboard; sourceTree = "<group>"; };
		F57180DD1A66DDEF003A2A66 /* Images.xcassets */ = {isa = PBXFileReference; lastKnownFileType = folder.assetcatalog; path = Images.xcassets; sourceTree = "<group>"; };
		F57180E01A66DDEF003A2A66 /* Base */ = {isa = PBXFileReference; lastKnownFileType = file.xib; name = Base; path = Base.lproj/LaunchScreen.xib; sourceTree = "<group>"; };
		F57180E61A66DDF0003A2A66 /* ZoepTests.xctest */ = {isa = PBXFileReference; explicitFileType = wrapper.cfbundle; includeInIndex = 0; path = ZoepTests.xctest; sourceTree = BUILT_PRODUCTS_DIR; };
		F57180EB1A66DDF0003A2A66 /* Info.plist */ = {isa = PBXFileReference; lastKnownFileType = text.plist.xml; path = Info.plist; sourceTree = "<group>"; };
		F57180EC1A66DDF0003A2A66 /* ZoepTests.m */ = {isa = PBXFileReference; lastKnownFileType = sourcecode.c.objc; path = ZoepTests.m; sourceTree = "<group>"; };
/* End PBXFileReference section */

/* Begin PBXFrameworksBuildPhase section */
		F57180C71A66DDEF003A2A66 /* Frameworks */ = {
			isa = PBXFrameworksBuildPhase;
			buildActionMask = 2147483647;
			files = (
			);
			runOnlyForDeploymentPostprocessing = 0;
		};
		F57180E31A66DDF0003A2A66 /* Frameworks */ = {
			isa = PBXFrameworksBuildPhase;
			buildActionMask = 2147483647;
			files = (
			);
			runOnlyForDeploymentPostprocessing = 0;
		};
/* End PBXFrameworksBuildPhase section */

/* Begin PBXGroup section */
		F57180C11A66DDEF003A2A66 = {
			isa = PBXGroup;
			children = (
				F57180CC1A66DDEF003A2A66 /* Zoep */,
				F57180E91A66DDF0003A2A66 /* ZoepTests */,
				F57180CB1A66DDEF003A2A66 /* Products */,
			);
			sourceTree = "<group>";
		};
		F57180CB1A66DDEF003A2A66 /* Products */ = {
			isa = PBXGroup;
			children = (
				F57180CA1A66DDEF003A2A66 /* Zoep.app */,
				F57180E61A66DDF0003A2A66 /* ZoepTests.xctest */,
			);
			name = Products;
			sourceTree = "<group>";
		};
		F57180CC1A66DDEF003A2A66 /* Zoep */ = {
			isa = PBXGroup;
			children = (
				F57180D11A66DDEF003A2A66 /* AppDelegate.h */,
				F57180D21A66DDEF003A2A66 /* AppDelegate.m */,
				F57180D71A66DDEF003A2A66 /* ViewController.h */,
				F57180D81A66DDEF003A2A66 /* ViewController.m */,
				F57180DA1A66DDEF003A2A66 /* Main.storyboard */,
				F50067391A6923B600FBF2FB /* game.h */,
				F500673A1A6923B600FBF2FB /* game.m */,
				F57180DD1A66DDEF003A2A66 /* Images.xcassets */,
				F57180DF1A66DDEF003A2A66 /* LaunchScreen.xib */,
				F57180D41A66DDEF003A2A66 /* Zoep.xcdatamodeld */,
				F57180CD1A66DDEF003A2A66 /* Supporting Files */,
			);
			path = Zoep;
			sourceTree = "<group>";
		};
		F57180CD1A66DDEF003A2A66 /* Supporting Files */ = {
			isa = PBXGroup;
			children = (
				F57180CE1A66DDEF003A2A66 /* Info.plist */,
				F57180CF1A66DDEF003A2A66 /* main.m */,
			);
			name = "Supporting Files";
			sourceTree = "<group>";
		};
		F57180E91A66DDF0003A2A66 /* ZoepTests */ = {
			isa = PBXGroup;
			children = (
				F57180EC1A66DDF0003A2A66 /* ZoepTests.m */,
				F57180EA1A66DDF0003A2A66 /* Supporting Files */,
			);
			path = ZoepTests;
			sourceTree = "<group>";
		};
		F57180EA1A66DDF0003A2A66 /* Supporting Files */ = {
			isa = PBXGroup;
			children = (
				F57180EB1A66DDF0003A2A66 /* Info.plist */,
			);
			name = "Supporting Files";
			sourceTree = "<group>";
		};
/* End PBXGroup section */

/* Begin PBXNativeTarget section */
		F57180C91A66DDEF003A2A66 /* Zoep */ = {
			isa = PBXNativeTarget;
			buildConfigurationList = F57180F01A66DDF0003A2A66 /* Build configuration list for PBXNativeTarget "Zoep" */;
			buildPhases = (
				F57180C61A66DDEF003A2A66 /* Sources */,
				F57180C71A66DDEF003A2A66 /* Frameworks */,
				F57180C81A66DDEF003A2A66 /* Resources */,
			);
			buildRules = (
			);
			dependencies = (
			);
			name = Zoep;
			productName = Zoep;
			productReference = F57180CA1A66DDEF003A2A66 /* Zoep.app */;
			productType = "com.apple.product-type.application";
		};
		F57180E51A66DDF0003A2A66 /* ZoepTests */ = {
			isa = PBXNativeTarget;
			buildConfigurationList = F57180F31A66DDF0003A2A66 /* Build configuration list for PBXNativeTarget "ZoepTests" */;
			buildPhases = (
				F57180E21A66DDF0003A2A66 /* Sources */,
				F57180E31A66DDF0003A2A66 /* Frameworks */,
				F57180E41A66DDF0003A2A66 /* Resources */,
			);
			buildRules = (
			);
			dependencies = (
				F57180E81A66DDF0003A2A66 /* PBXTargetDependency */,
			);
			name = ZoepTests;
			productName = ZoepTests;
			productReference = F57180E61A66DDF0003A2A66 /* ZoepTests.xctest */;
			productType = "com.apple.product-type.bundle.unit-test";
		};
/* End PBXNativeTarget section */

/* Begin PBXProject section */
		F57180C21A66DDEF003A2A66 /* Project object */ = {
			isa = PBXProject;
			attributes = {
				LastUpgradeCheck = 0610;
				ORGANIZATIONNAME = "Jules Kreutzer";
				TargetAttributes = {
					F57180C91A66DDEF003A2A66 = {
						CreatedOnToolsVersion = 6.1;
					};
					F57180E51A66DDF0003A2A66 = {
						CreatedOnToolsVersion = 6.1;
						TestTargetID = F57180C91A66DDEF003A2A66;
					};
				};
			};
			buildConfigurationList = F57180C51A66DDEF003A2A66 /* Build configuration list for PBXProject "Zoep" */;
			compatibilityVersion = "Xcode 3.2";
			developmentRegion = English;
			hasScannedForEncodings = 0;
			knownRegions = (
				en,
				Base,
			);
			mainGroup = F57180C11A66DDEF003A2A66;
			productRefGroup = F57180CB1A66DDEF003A2A66 /* Products */;
			projectDirPath = "";
			projectRoot = "";
			targets = (
				F57180C91A66DDEF003A2A66 /* Zoep */,
				F57180E51A66DDF0003A2A66 /* ZoepTests */,
			);
		};
/* End PBXProject section */

/* Begin PBXResourcesBuildPhase section */
		F57180C81A66DDEF003A2A66 /* Resources */ = {
			isa = PBXResourcesBuildPhase;
			buildActionMask = 2147483647;
			files = (
				F57180DC1A66DDEF003A2A66 /* Main.storyboard in Resources */,
				F57180E11A66DDEF003A2A66 /* LaunchScreen.xib in Resources */,
				F57180DE1A66DDEF003A2A66 /* Images.xcassets in Resources */,
			);
			runOnlyForDeploymentPostprocessing = 0;
		};
		F57180E41A66DDF0003A2A66 /* Resources */ = {
			isa = PBXResourcesBuildPhase;
			buildActionMask = 2147483647;
			files = (
			);
			runOnlyForDeploymentPostprocessing = 0;
		};
/* End PBXResourcesBuildPhase section */

/* Begin PBXSourcesBuildPhase section */
		F57180C61A66DDEF003A2A66 /* Sources */ = {
			isa = PBXSourcesBuildPhase;
			buildActionMask = 2147483647;
			files = (
				F500673B1A6923B600FBF2FB /* game.m in Sources */,
				F57180D31A66DDEF003A2A66 /* AppDelegate.m in Sources */,
				F57180D01A66DDEF003A2A66 /* main.m in Sources */,
				F57180D91A66DDEF003A2A66 /* ViewController.m in Sources */,
				F57180D61A66DDEF003A2A66 /* Zoep.xcdatamodeld in Sources */,
			);
			runOnlyForDeploymentPostprocessing = 0;
		};
		F57180E21A66DDF0003A2A66 /* Sources */ = {
			isa = PBXSourcesBuildPhase;
			buildActionMask = 2147483647;
			files = (
				F57180ED1A66DDF0003A2A66 /* ZoepTests.m in Sources */,
			);
			runOnlyForDeploymentPostprocessing = 0;
		};
/* End PBXSourcesBuildPhase section */

/* Begin PBXTargetDependency section */
		F57180E81A66DDF0003A2A66 /* PBXTargetDependency */ = {
			isa = PBXTargetDependency;
			target = F57180C91A66DDEF003A2A66 /* Zoep */;
			targetProxy = F57180E71A66DDF0003A2A66 /* PBXContainerItemProxy */;
		};
/* End PBXTargetDependency section */

/* Begin PBXVariantGroup section */
		F57180DA1A66DDEF003A2A66 /* Main.storyboard */ = {
			isa = PBXVariantGroup;
			children = (
				F57180DB1A66DDEF003A2A66 /* Base */,
			);
			name = Main.storyboard;
			sourceTree = "<group>";
		};
		F57180DF1A66DDEF003A2A66 /* LaunchScreen.xib */ = {
			isa = PBXVariantGroup;
			children = (
				F57180E01A66DDEF003A2A66 /* Base */,
			);
			name = LaunchScreen.xib;
			sourceTree = "<group>";
		};
/* End PBXVariantGroup section */

/* Begin XCBuildConfiguration section */
		F57180EE1A66DDF0003A2A66 /* Debug */ = {
			isa = XCBuildConfiguration;
			buildSettings = {
				ALWAYS_SEARCH_USER_PATHS = NO;
				CLANG_CXX_LANGUAGE_STANDARD = "gnu++0x";
				CLANG_CXX_LIBRARY = "libc++";
				CLANG_ENABLE_MODULES = YES;
				CLANG_ENABLE_OBJC_ARC = YES;
				CLANG_WARN_BOOL_CONVERSION = YES;
				CLANG_WARN_CONSTANT_CONVERSION = YES;
				CLANG_WARN_DIRECT_OBJC_ISA_USAGE = YES_ERROR;
				CLANG_WARN_EMPTY_BODY = YES;
				CLANG_WARN_ENUM_CONVERSION = YES;
				CLANG_WARN_INT_CONVERSION = YES;
				CLANG_WARN_OBJC_ROOT_CLASS = YES_ERROR;
				CLANG_WARN_UNREACHABLE_CODE = YES;
				CLANG_WARN__DUPLICATE_METHOD_MATCH = YES;
				"CODE_SIGN_IDENTITY[sdk=iphoneos*]" = "iPhone Developer";
				COPY_PHASE_STRIP = NO;
				ENABLE_STRICT_OBJC_MSGSEND = YES;
				GCC_C_LANGUAGE_STANDARD = gnu99;
				GCC_DYNAMIC_NO_PIC = NO;
				GCC_OPTIMIZATION_LEVEL = 0;
				GCC_PREPROCESSOR_DEFINITIONS = (
					"DEBUG=1",
					"$(inherited)",
				);
				GCC_SYMBOLS_PRIVATE_EXTERN = NO;
				GCC_WARN_64_TO_32_BIT_CONVERSION = YES;
				GCC_WARN_ABOUT_RETURN_TYPE = YES_ERROR;
				GCC_WARN_UNDECLARED_SELECTOR = YES;
				GCC_WARN_UNINITIALIZED_AUTOS = YES_AGGRESSIVE;
				GCC_WARN_UNUSED_FUNCTION = YES;
				GCC_WARN_UNUSED_VARIABLE = YES;
				IPHONEOS_DEPLOYMENT_TARGET = 8.1;
				MTL_ENABLE_DEBUG_INFO = YES;
				ONLY_ACTIVE_ARCH = YES;
				SDKROOT = iphoneos;
			};
			name = Debug;
		};
		F57180EF1A66DDF0003A2A66 /* Release */ = {
			isa = XCBuildConfiguration;
			buildSettings = {
				ALWAYS_SEARCH_USER_PATHS = NO;
				CLANG_CXX_LANGUAGE_STANDARD = "gnu++0x";
				CLANG_CXX_LIBRARY = "libc++";
				CLANG_ENABLE_MODULES = YES;
				CLANG_ENABLE_OBJC_ARC = YES;
				CLANG_WARN_BOOL_CONVERSION = YES;
				CLANG_WARN_CONSTANT_CONVERSION = YES;
				CLANG_WARN_DIRECT_OBJC_ISA_USAGE = YES_ERROR;
				CLANG_WARN_EMPTY_BODY = YES;
				CLANG_WARN_ENUM_CONVERSION = YES;
				CLANG_WARN_INT_CONVERSION = YES;
				CLANG_WARN_OBJC_ROOT_CLASS = YES_ERROR;
				CLANG_WARN_UNREACHABLE_CODE = YES;
				CLANG_WARN__DUPLICATE_METHOD_MATCH = YES;
				"CODE_SIGN_IDENTITY[sdk=iphoneos*]" = "iPhone Developer";
				COPY_PHASE_STRIP = YES;
				ENABLE_NS_ASSERTIONS = NO;
				ENABLE_STRICT_OBJC_MSGSEND = YES;
				GCC_C_LANGUAGE_STANDARD = gnu99;
				GCC_WARN_64_TO_32_BIT_CONVERSION = YES;
				GCC_WARN_ABOUT_RETURN_TYPE = YES_ERROR;
				GCC_WARN_UNDECLARED_SELECTOR = YES;
				GCC_WARN_UNINITIALIZED_AUTOS = YES_AGGRESSIVE;
				GCC_WARN_UNUSED_FUNCTION = YES;
				GCC_WARN_UNUSED_VARIABLE = YES;
				IPHONEOS_DEPLOYMENT_TARGET = 8.1;
				MTL_ENABLE_DEBUG_INFO = NO;
				SDKROOT = iphoneos;
				VALIDATE_PRODUCT = YES;
			};
			name = Release;
		};
		F57180F11A66DDF0003A2A66 /* Debug */ = {
			isa = XCBuildConfiguration;
			buildSettings = {
				ASSETCATALOG_COMPILER_APPICON_NAME = AppIcon;
				INFOPLIST_FILE = Zoep/Info.plist;
				LD_RUNPATH_SEARCH_PATHS = "$(inherited) @executable_path/Frameworks";
				PRODUCT_NAME = "$(TARGET_NAME)";
			};
			name = Debug;
		};
		F57180F21A66DDF0003A2A66 /* Release */ = {
			isa = XCBuildConfiguration;
			buildSettings = {
				ASSETCATALOG_COMPILER_APPICON_NAME = AppIcon;
				INFOPLIST_FILE = Zoep/Info.plist;
				LD_RUNPATH_SEARCH_PATHS = "$(inherited) @executable_path/Frameworks";
				PRODUCT_NAME = "$(TARGET_NAME)";
			};
			name = Release;
		};
		F57180F41A66DDF0003A2A66 /* Debug */ = {
			isa = XCBuildConfiguration;
			buildSettings = {
				BUNDLE_LOADER = "$(TEST_HOST)";
				FRAMEWORK_SEARCH_PATHS = (
					"$(SDKROOT)/Developer/Library/Frameworks",
					"$(inherited)",
				);
				GCC_PREPROCESSOR_DEFINITIONS = (
					"DEBUG=1",
					"$(inherited)",
				);
				INFOPLIST_FILE = ZoepTests/Info.plist;
				LD_RUNPATH_SEARCH_PATHS = "$(inherited) @executable_path/Frameworks @loader_path/Frameworks";
				PRODUCT_NAME = "$(TARGET_NAME)";
				TEST_HOST = "$(BUILT_PRODUCTS_DIR)/Zoep.app/Zoep";
			};
			name = Debug;
		};
		F57180F51A66DDF0003A2A66 /* Release */ = {
			isa = XCBuildConfiguration;
			buildSettings = {
				BUNDLE_LOADER = "$(TEST_HOST)";
				FRAMEWORK_SEARCH_PATHS = (
					"$(SDKROOT)/Developer/Library/Frameworks",
					"$(inherited)",
				);
				INFOPLIST_FILE = ZoepTests/Info.plist;
				LD_RUNPATH_SEARCH_PATHS = "$(inherited) @executable_path/Frameworks @loader_path/Frameworks";
				PRODUCT_NAME = "$(TARGET_NAME)";
				TEST_HOST = "$(BUILT_PRODUCTS_DIR)/Zoep.app/Zoep";
			};
			name = Release;
		};
/* End XCBuildConfiguration section */

/* Begin XCConfigurationList section */
		F57180C51A66DDEF003A2A66 /* Build configuration list for PBXProject "Zoep" */ = {
			isa = XCConfigurationList;
			buildConfigurations = (
				F57180EE1A66DDF0003A2A66 /* Debug */,
				F57180EF1A66DDF0003A2A66 /* Release */,
			);
			defaultConfigurationIsVisible = 0;
			defaultConfigurationName = Release;
		};
		F57180F01A66DDF0003A2A66 /* Build configuration list for PBXNativeTarget "Zoep" */ = {
			isa = XCConfigurationList;
			buildConfigurations = (
				F57180F11A66DDF0003A2A66 /* Debug */,
				F57180F21A66DDF0003A2A66 /* Release */,
			);
			defaultConfigurationIsVisible = 0;
			defaultConfigurationName = Release;
		};
		F57180F31A66DDF0003A2A66 /* Build configuration list for PBXNativeTarget "ZoepTests" */ = {
			isa = XCConfigurationList;
			buildConfigurations = (
				F57180F41A66DDF0003A2A66 /* Debug */,
				F57180F51A66DDF0003A2A66 /* Release */,
			);
			defaultConfigurationIsVisible = 0;
			defaultConfigurationName = Release;
		};
/* End XCConfigurationList section */

/* Begin XCVersionGroup section */
		F57180D41A66DDEF003A2A66 /* Zoep.xcdatamodeld */ = {
			isa = XCVersionGroup;
			children = (
				F57180D51A66DDEF003A2A66 /* Zoep.xcdatamodel */,
			);
			currentVersion = F57180D51A66DDEF003A2A66 /* Zoep.xcdatamodel */;
			path = Zoep.xcdatamodeld;
			sourceTree = "<group>";
			versionGroupType = wrapper.xcdatamodel;
		};
/* End XCVersionGroup section */
	};
	rootObject = F57180C21A66DDEF003A2A66 /* Project object */;
}
